
Microsoft Visual Studio Solution File, Format Version 12.00
# Visual Studio Version 17
VisualStudioVersion = 17.0.32126.317
MinimumVisualStudioVersion = 10.0.40219.1
Project("{9A19103F-16F7-4668-BE54-9A1E7A4F7556}") = "LibraryItems.Api", "LibraryItems.Api\LibraryItems.Api.csproj", "{B7D48CDE-4AE7-4DFB-8B36-F034FC9D06CC}"
EndProject
Project("{9A19103F-16F7-4668-BE54-9A1E7A4F7556}") = "LibraryInfoSystem.Web", "LibraryInfoSystem.Web\LibraryInfoSystem.Web.csproj", "{262F80BF-D160-4D1C-B377-122315E2A7AC}"
EndProject
Global
	GlobalSection(SolutionConfigurationPlatforms) = preSolution
		Debug|Any CPU = Debug|Any CPU
		Release|Any CPU = Release|Any CPU
	EndGlobalSection
	GlobalSection(ProjectConfigurationPlatforms) = postSolution
		{B7D48CDE-4AE7-4DFB-8B36-F034FC9D06CC}.Debug|Any CPU.ActiveCfg = Debug|Any CPU
		{B7D48CDE-4AE7-4DFB-8B36-F034FC9D06CC}.Debug|Any CPU.Build.0 = Debug|Any CPU
		{B7D48CDE-4AE7-4DFB-8B36-F034FC9D06CC}.Release|Any CPU.ActiveCfg = Release|Any CPU
		{B7D48CDE-4AE7-4DFB-8B36-F034FC9D06CC}.Release|Any CPU.Build.0 = Release|Any CPU
		{262F80BF-D160-4D1C-B377-122315E2A7AC}.Debug|Any CPU.ActiveCfg = Debug|Any CPU
		{262F80BF-D160-4D1C-B377-122315E2A7AC}.Debug|Any CPU.Build.0 = Debug|Any CPU
		{262F80BF-D160-4D1C-B377-122315E2A7AC}.Release|Any CPU.ActiveCfg = Release|Any CPU
		{262F80BF-D160-4D1C-B377-122315E2A7AC}.Release|Any CPU.Build.0 = Release|Any CPU
	EndGlobalSection
	GlobalSection(SolutionProperties) = preSolution
		HideSolutionNode = FALSE
	EndGlobalSection
	GlobalSection(ExtensibilityGlobals) = postSolution
		SolutionGuid = {321E9FEA-3D2B-4C1B-B43B-DAE50B9F895C}
	EndGlobalSection
EndGlobal
